
Microsoft Visual Studio Solution File, Format Version 12.00
# Visual Studio Version 16
VisualStudioVersion = 16.0.31112.23
MinimumVisualStudioVersion = 10.0.40219.1
Project("{F184B08F-C81C-45F6-A57F-5ABD9991F28F}") = "TesteMelhoriaUpdateRevIsocs", "TesteMelhoriaUpdateRevIsocs.vbproj", "{E35B1F0D-7B27-4A25-B06B-65E3C1EB9349}"
EndProject
Global
	GlobalSection(SolutionConfigurationPlatforms) = preSolution
		Debug|Any CPU = Debug|Any CPU
		Release|Any CPU = Release|Any CPU
	EndGlobalSection
	GlobalSection(ProjectConfigurationPlatforms) = postSolution
		{E35B1F0D-7B27-4A25-B06B-65E3C1EB9349}.Debug|Any CPU.ActiveCfg = Debug|Any CPU
		{E35B1F0D-7B27-4A25-B06B-65E3C1EB9349}.Debug|Any CPU.Build.0 = Debug|Any CPU
		{E35B1F0D-7B27-4A25-B06B-65E3C1EB9349}.Release|Any CPU.ActiveCfg = Release|Any CPU
		{E35B1F0D-7B27-4A25-B06B-65E3C1EB9349}.Release|Any CPU.Build.0 = Release|Any CPU
	EndGlobalSection
	GlobalSection(SolutionProperties) = preSolution
		HideSolutionNode = FALSE
	EndGlobalSection
	GlobalSection(ExtensibilityGlobals) = postSolution
		SolutionGuid = {D262D4B5-4C7D-467F-8969-FE79260E2629}
	EndGlobalSection
EndGlobal
